
Microsoft Visual Studio Solution File, Format Version 12.00
# Visual Studio Version 17
VisualStudioVersion = 17.0.31903.59
MinimumVisualStudioVersion = 10.0.40219.1
Project("{2150E333-8FDC-42A3-9474-1A3956D46DE8}") = "src", "src", "{8D1AC917-32E3-4579-9A06-B6190C1B9F31}"
EndProject
Project("{FAE04EC0-301F-11D3-BF4B-00C04F79EFBC}") = "Integration.Hub", "src\Integration.Hub\Integration.Hub.csproj", "{2E841AED-7444-4875-8D11-D756A01105FD}"
EndProject
Project("{2150E333-8FDC-42A3-9474-1A3956D46DE8}") = "Marketplaces", "Marketplaces", "{E2F4960B-14E1-40D3-9A7B-8528FA989D0F}"
EndProject
Project("{FAE04EC0-301F-11D3-BF4B-00C04F79EFBC}") = "Integration.Marketplaces.Trendyol", "src\Marketplaces\Integration.Marketplaces.Trendyol\Integration.Marketplaces.Trendyol.csproj", "{437419E1-6CA7-43C5-BC45-57C61A2473A6}"
EndProject
Project("{FAE04EC0-301F-11D3-BF4B-00C04F79EFBC}") = "Integration.Marketplaces.Hepsiburada", "src\Marketplaces\Integration.Marketplaces.Hepsiburada\Integration.Marketplaces.Hepsiburada.csproj", "{D80122E8-72B1-4B86-A277-4FD3BAC21FB4}"
EndProject
Project("{2150E333-8FDC-42A3-9474-1A3956D46DE8}") = "samples", "samples", "{51C29F15-6693-428D-9705-1986F8C71428}"
EndProject
Project("{2150E333-8FDC-42A3-9474-1A3956D46DE8}") = "Marketplaces", "Marketplaces", "{6A70107C-D16B-4588-817E-11731CAEDB71}"
EndProject
Project("{FAE04EC0-301F-11D3-BF4B-00C04F79EFBC}") = "TrendyolIntegrationSampleConsoleApp", "samples\Marketplaces\TrendyolIntegrationSampleConsoleApp\TrendyolIntegrationSampleConsoleApp.csproj", "{E2A95CF6-3420-43FB-836F-FB8FCB0ABF5A}"
EndProject
Project("{FAE04EC0-301F-11D3-BF4B-00C04F79EFBC}") = "HepsiburadaIntegrationSampleConsoleApp", "samples\Marketplaces\HepsiburadaIntegrationSampleConsoleApp\HepsiburadaIntegrationSampleConsoleApp.csproj", "{1EA1F383-84B1-47DD-BB85-E0CE2F0AC207}"
EndProject
Project("{2150E333-8FDC-42A3-9474-1A3956D46DE8}") = "PaymentGateways", "PaymentGateways", "{D54A7D33-8E81-413F-B1D5-D9DF65BA1D83}"
EndProject
Project("{FAE04EC0-301F-11D3-BF4B-00C04F79EFBC}") = "Integration.PaymentGateways.Paynet", "src\PaymentGateways\Integration.PaymentGateways.Paynet\Integration.PaymentGateways.Paynet.csproj", "{3B5D9A6A-FA30-42C6-8C3D-7A38314B64D3}"
EndProject
Project("{2150E333-8FDC-42A3-9474-1A3956D46DE8}") = "PaymentGateways", "PaymentGateways", "{572AD2AF-7896-4707-8D3A-8EAFF16991C0}"
EndProject
Project("{FAE04EC0-301F-11D3-BF4B-00C04F79EFBC}") = "PaynetIntegrationSampleConsoleApp", "samples\PaymentGateways\PaynetIntegrationSampleConsoleApp\PaynetIntegrationSampleConsoleApp.csproj", "{E9D8CC15-86F9-4BCD-903A-689112662FE8}"
EndProject
Global
	GlobalSection(SolutionConfigurationPlatforms) = preSolution
		Debug|Any CPU = Debug|Any CPU
		Release|Any CPU = Release|Any CPU
	EndGlobalSection
	GlobalSection(SolutionProperties) = preSolution
		HideSolutionNode = FALSE
	EndGlobalSection
	GlobalSection(ProjectConfigurationPlatforms) = postSolution
		{2E841AED-7444-4875-8D11-D756A01105FD}.Debug|Any CPU.ActiveCfg = Debug|Any CPU
		{2E841AED-7444-4875-8D11-D756A01105FD}.Debug|Any CPU.Build.0 = Debug|Any CPU
		{2E841AED-7444-4875-8D11-D756A01105FD}.Release|Any CPU.ActiveCfg = Release|Any CPU
		{2E841AED-7444-4875-8D11-D756A01105FD}.Release|Any CPU.Build.0 = Release|Any CPU
		{437419E1-6CA7-43C5-BC45-57C61A2473A6}.Debug|Any CPU.ActiveCfg = Debug|Any CPU
		{437419E1-6CA7-43C5-BC45-57C61A2473A6}.Debug|Any CPU.Build.0 = Debug|Any CPU
		{437419E1-6CA7-43C5-BC45-57C61A2473A6}.Release|Any CPU.ActiveCfg = Release|Any CPU
		{437419E1-6CA7-43C5-BC45-57C61A2473A6}.Release|Any CPU.Build.0 = Release|Any CPU
		{D80122E8-72B1-4B86-A277-4FD3BAC21FB4}.Debug|Any CPU.ActiveCfg = Debug|Any CPU
		{D80122E8-72B1-4B86-A277-4FD3BAC21FB4}.Debug|Any CPU.Build.0 = Debug|Any CPU
		{D80122E8-72B1-4B86-A277-4FD3BAC21FB4}.Release|Any CPU.ActiveCfg = Release|Any CPU
		{D80122E8-72B1-4B86-A277-4FD3BAC21FB4}.Release|Any CPU.Build.0 = Release|Any CPU
		{E2A95CF6-3420-43FB-836F-FB8FCB0ABF5A}.Debug|Any CPU.ActiveCfg = Debug|Any CPU
		{E2A95CF6-3420-43FB-836F-FB8FCB0ABF5A}.Debug|Any CPU.Build.0 = Debug|Any CPU
		{E2A95CF6-3420-43FB-836F-FB8FCB0ABF5A}.Release|Any CPU.ActiveCfg = Release|Any CPU
		{E2A95CF6-3420-43FB-836F-FB8FCB0ABF5A}.Release|Any CPU.Build.0 = Release|Any CPU
		{1EA1F383-84B1-47DD-BB85-E0CE2F0AC207}.Debug|Any CPU.ActiveCfg = Debug|Any CPU
		{1EA1F383-84B1-47DD-BB85-E0CE2F0AC207}.Debug|Any CPU.Build.0 = Debug|Any CPU
		{1EA1F383-84B1-47DD-BB85-E0CE2F0AC207}.Release|Any CPU.ActiveCfg = Release|Any CPU
		{1EA1F383-84B1-47DD-BB85-E0CE2F0AC207}.Release|Any CPU.Build.0 = Release|Any CPU
		{3B5D9A6A-FA30-42C6-8C3D-7A38314B64D3}.Debug|Any CPU.ActiveCfg = Debug|Any CPU
		{3B5D9A6A-FA30-42C6-8C3D-7A38314B64D3}.Debug|Any CPU.Build.0 = Debug|Any CPU
		{3B5D9A6A-FA30-42C6-8C3D-7A38314B64D3}.Release|Any CPU.ActiveCfg = Release|Any CPU
		{3B5D9A6A-FA30-42C6-8C3D-7A38314B64D3}.Release|Any CPU.Build.0 = Release|Any CPU
		{E9D8CC15-86F9-4BCD-903A-689112662FE8}.Debug|Any CPU.ActiveCfg = Debug|Any CPU
		{E9D8CC15-86F9-4BCD-903A-689112662FE8}.Debug|Any CPU.Build.0 = Debug|Any CPU
		{E9D8CC15-86F9-4BCD-903A-689112662FE8}.Release|Any CPU.ActiveCfg = Release|Any CPU
		{E9D8CC15-86F9-4BCD-903A-689112662FE8}.Release|Any CPU.Build.0 = Release|Any CPU
	EndGlobalSection
	GlobalSection(NestedProjects) = preSolution
		{2E841AED-7444-4875-8D11-D756A01105FD} = {8D1AC917-32E3-4579-9A06-B6190C1B9F31}
		{E2F4960B-14E1-40D3-9A7B-8528FA989D0F} = {8D1AC917-32E3-4579-9A06-B6190C1B9F31}
		{437419E1-6CA7-43C5-BC45-57C61A2473A6} = {E2F4960B-14E1-40D3-9A7B-8528FA989D0F}
		{D80122E8-72B1-4B86-A277-4FD3BAC21FB4} = {E2F4960B-14E1-40D3-9A7B-8528FA989D0F}
		{6A70107C-D16B-4588-817E-11731CAEDB71} = {51C29F15-6693-428D-9705-1986F8C71428}
		{E2A95CF6-3420-43FB-836F-FB8FCB0ABF5A} = {6A70107C-D16B-4588-817E-11731CAEDB71}
		{1EA1F383-84B1-47DD-BB85-E0CE2F0AC207} = {6A70107C-D16B-4588-817E-11731CAEDB71}
		{D54A7D33-8E81-413F-B1D5-D9DF65BA1D83} = {8D1AC917-32E3-4579-9A06-B6190C1B9F31}
		{3B5D9A6A-FA30-42C6-8C3D-7A38314B64D3} = {D54A7D33-8E81-413F-B1D5-D9DF65BA1D83}
		{572AD2AF-7896-4707-8D3A-8EAFF16991C0} = {51C29F15-6693-428D-9705-1986F8C71428}
		{E9D8CC15-86F9-4BCD-903A-689112662FE8} = {572AD2AF-7896-4707-8D3A-8EAFF16991C0}
	EndGlobalSection
EndGlobal
